
Microsoft Visual Studio Solution File, Format Version 12.00
# Visual Studio Version 17
VisualStudioVersion = 17.3.32819.101
MinimumVisualStudioVersion = 10.0.40219.1
Project("{FAE04EC0-301F-11D3-BF4B-00C04F79EFBC}") = "ConsoleApp1", "ConsoleApp1\ConsoleApp1.csproj", "{DAB47842-1016-450B-8B4B-9D494051FB3C}"
EndProject
Global
	GlobalSection(SolutionConfigurationPlatforms) = preSolution
		Debug|Any CPU = Debug|Any CPU
		Release|Any CPU = Release|Any CPU
	EndGlobalSection
	GlobalSection(ProjectConfigurationPlatforms) = postSolution
		{DAB47842-1016-450B-8B4B-9D494051FB3C}.Debug|Any CPU.ActiveCfg = Debug|Any CPU
		{DAB47842-1016-450B-8B4B-9D494051FB3C}.Debug|Any CPU.Build.0 = Debug|Any CPU
		{DAB47842-1016-450B-8B4B-9D494051FB3C}.Release|Any CPU.ActiveCfg = Release|Any CPU
		{DAB47842-1016-450B-8B4B-9D494051FB3C}.Release|Any CPU.Build.0 = Release|Any CPU
	EndGlobalSection
	GlobalSection(SolutionProperties) = preSolution
		HideSolutionNode = FALSE
	EndGlobalSection
	GlobalSection(ExtensibilityGlobals) = postSolution
		SolutionGuid = {DF96307D-ADAF-4D93-A069-BC7DDBEF8DBE}
	EndGlobalSection
EndGlobal
